
Microsoft Visual Studio Solution File, Format Version 12.00
# Visual Studio 15
VisualStudioVersion = 15.0.27703.2026
MinimumVisualStudioVersion = 10.0.40219.1
Project("{FAE04EC0-301F-11D3-BF4B-00C04F79EFBC}") = "DNDtoON", "DNDtoON\DNDtoON.csproj", "{F726ED5D-7A36-4630-9B0F-95AB2E9783AD}"
EndProject
Global
	GlobalSection(SolutionConfigurationPlatforms) = preSolution
		Debug|Any CPU = Debug|Any CPU
		Release|Any CPU = Release|Any CPU
	EndGlobalSection
	GlobalSection(ProjectConfigurationPlatforms) = postSolution
		{F726ED5D-7A36-4630-9B0F-95AB2E9783AD}.Debug|Any CPU.ActiveCfg = Debug|Any CPU
		{F726ED5D-7A36-4630-9B0F-95AB2E9783AD}.Debug|Any CPU.Build.0 = Debug|Any CPU
		{F726ED5D-7A36-4630-9B0F-95AB2E9783AD}.Release|Any CPU.ActiveCfg = Release|Any CPU
		{F726ED5D-7A36-4630-9B0F-95AB2E9783AD}.Release|Any CPU.Build.0 = Release|Any CPU
	EndGlobalSection
	GlobalSection(SolutionProperties) = preSolution
		HideSolutionNode = FALSE
	EndGlobalSection
	GlobalSection(ExtensibilityGlobals) = postSolution
		SolutionGuid = {4CC6C2E3-8063-4B8E-A151-770A10FA742B}
	EndGlobalSection
EndGlobal
